
Microsoft Visual Studio Solution File, Format Version 12.00
# Visual Studio 14
VisualStudioVersion = 14.0.22823.1
MinimumVisualStudioVersion = 10.0.40219.1
Project("{FAE04EC0-301F-11D3-BF4B-00C04F79EFBC}") = "Kaputt", "Kaputt\Kaputt.csproj", "{8CF2F191-97E8-4EB6-8C44-D74E86054983}"
EndProject
Project("{FAE04EC0-301F-11D3-BF4B-00C04F79EFBC}") = "Working", "Working\Working.csproj", "{6652D5EC-628B-46CF-90B6-09C42867A751}"
EndProject
Project("{2150E333-8FDC-42A3-9474-1A3956D46DE8}") = "Binaries", "Binaries", "{7484CE7A-A956-46A0-8388-7D7F70CA9290}"
	ProjectSection(SolutionItems) = preProject
		Binairies\Microsoft.AspNet.SignalR.Client.dll = Binairies\Microsoft.AspNet.SignalR.Client.dll
	EndProjectSection
EndProject
Global
	GlobalSection(SolutionConfigurationPlatforms) = preSolution
		Debug|ARM = Debug|ARM
		Debug|x64 = Debug|x64
		Debug|x86 = Debug|x86
		Release|ARM = Release|ARM
		Release|x64 = Release|x64
		Release|x86 = Release|x86
	EndGlobalSection
	GlobalSection(ProjectConfigurationPlatforms) = postSolution
		{8CF2F191-97E8-4EB6-8C44-D74E86054983}.Debug|ARM.ActiveCfg = Debug|ARM
		{8CF2F191-97E8-4EB6-8C44-D74E86054983}.Debug|ARM.Build.0 = Debug|ARM
		{8CF2F191-97E8-4EB6-8C44-D74E86054983}.Debug|ARM.Deploy.0 = Debug|ARM
		{8CF2F191-97E8-4EB6-8C44-D74E86054983}.Debug|x64.ActiveCfg = Debug|x64
		{8CF2F191-97E8-4EB6-8C44-D74E86054983}.Debug|x64.Build.0 = Debug|x64
		{8CF2F191-97E8-4EB6-8C44-D74E86054983}.Debug|x64.Deploy.0 = Debug|x64
		{8CF2F191-97E8-4EB6-8C44-D74E86054983}.Debug|x86.ActiveCfg = Debug|x86
		{8CF2F191-97E8-4EB6-8C44-D74E86054983}.Debug|x86.Build.0 = Debug|x86
		{8CF2F191-97E8-4EB6-8C44-D74E86054983}.Debug|x86.Deploy.0 = Debug|x86
		{8CF2F191-97E8-4EB6-8C44-D74E86054983}.Release|ARM.ActiveCfg = Release|ARM
		{8CF2F191-97E8-4EB6-8C44-D74E86054983}.Release|ARM.Build.0 = Release|ARM
		{8CF2F191-97E8-4EB6-8C44-D74E86054983}.Release|ARM.Deploy.0 = Release|ARM
		{8CF2F191-97E8-4EB6-8C44-D74E86054983}.Release|x64.ActiveCfg = Release|x64
		{8CF2F191-97E8-4EB6-8C44-D74E86054983}.Release|x64.Build.0 = Release|x64
		{8CF2F191-97E8-4EB6-8C44-D74E86054983}.Release|x64.Deploy.0 = Release|x64
		{8CF2F191-97E8-4EB6-8C44-D74E86054983}.Release|x86.ActiveCfg = Release|x86
		{8CF2F191-97E8-4EB6-8C44-D74E86054983}.Release|x86.Build.0 = Release|x86
		{8CF2F191-97E8-4EB6-8C44-D74E86054983}.Release|x86.Deploy.0 = Release|x86
		{6652D5EC-628B-46CF-90B6-09C42867A751}.Debug|ARM.ActiveCfg = Debug|ARM
		{6652D5EC-628B-46CF-90B6-09C42867A751}.Debug|ARM.Build.0 = Debug|ARM
		{6652D5EC-628B-46CF-90B6-09C42867A751}.Debug|ARM.Deploy.0 = Debug|ARM
		{6652D5EC-628B-46CF-90B6-09C42867A751}.Debug|x64.ActiveCfg = Debug|x64
		{6652D5EC-628B-46CF-90B6-09C42867A751}.Debug|x64.Build.0 = Debug|x64
		{6652D5EC-628B-46CF-90B6-09C42867A751}.Debug|x64.Deploy.0 = Debug|x64
		{6652D5EC-628B-46CF-90B6-09C42867A751}.Debug|x86.ActiveCfg = Debug|x86
		{6652D5EC-628B-46CF-90B6-09C42867A751}.Debug|x86.Build.0 = Debug|x86
		{6652D5EC-628B-46CF-90B6-09C42867A751}.Debug|x86.Deploy.0 = Debug|x86
		{6652D5EC-628B-46CF-90B6-09C42867A751}.Release|ARM.ActiveCfg = Release|ARM
		{6652D5EC-628B-46CF-90B6-09C42867A751}.Release|ARM.Build.0 = Release|ARM
		{6652D5EC-628B-46CF-90B6-09C42867A751}.Release|ARM.Deploy.0 = Release|ARM
		{6652D5EC-628B-46CF-90B6-09C42867A751}.Release|x64.ActiveCfg = Release|x64
		{6652D5EC-628B-46CF-90B6-09C42867A751}.Release|x64.Build.0 = Release|x64
		{6652D5EC-628B-46CF-90B6-09C42867A751}.Release|x64.Deploy.0 = Release|x64
		{6652D5EC-628B-46CF-90B6-09C42867A751}.Release|x86.ActiveCfg = Release|x86
		{6652D5EC-628B-46CF-90B6-09C42867A751}.Release|x86.Build.0 = Release|x86
		{6652D5EC-628B-46CF-90B6-09C42867A751}.Release|x86.Deploy.0 = Release|x86
	EndGlobalSection
	GlobalSection(SolutionProperties) = preSolution
		HideSolutionNode = FALSE
	EndGlobalSection
EndGlobal
